
Microsoft Visual Studio Solution File, Format Version 12.00
# Visual Studio Version 16
VisualStudioVersion = 16.0.30225.117
MinimumVisualStudioVersion = 10.0.40219.1
Project("{FAE04EC0-301F-11D3-BF4B-00C04F79EFBC}") = "OpenDear", "OpenDear\OpenDear.csproj", "{DA28D81E-64DA-42BD-88CB-3C01C1EA4FA1}"
EndProject
Global
	GlobalSection(SolutionConfigurationPlatforms) = preSolution
		Debug|Any CPU = Debug|Any CPU
		Debug|x64 = Debug|x64
		Release|Any CPU = Release|Any CPU
		Release|x64 = Release|x64
	EndGlobalSection
	GlobalSection(ProjectConfigurationPlatforms) = postSolution
		{DA28D81E-64DA-42BD-88CB-3C01C1EA4FA1}.Debug|Any CPU.ActiveCfg = Debug|Any CPU
		{DA28D81E-64DA-42BD-88CB-3C01C1EA4FA1}.Debug|Any CPU.Build.0 = Debug|Any CPU
		{DA28D81E-64DA-42BD-88CB-3C01C1EA4FA1}.Debug|x64.ActiveCfg = Debug|x64
		{DA28D81E-64DA-42BD-88CB-3C01C1EA4FA1}.Debug|x64.Build.0 = Debug|x64
		{DA28D81E-64DA-42BD-88CB-3C01C1EA4FA1}.Release|Any CPU.ActiveCfg = Release|Any CPU
		{DA28D81E-64DA-42BD-88CB-3C01C1EA4FA1}.Release|Any CPU.Build.0 = Release|Any CPU
		{DA28D81E-64DA-42BD-88CB-3C01C1EA4FA1}.Release|x64.ActiveCfg = Release|x64
		{DA28D81E-64DA-42BD-88CB-3C01C1EA4FA1}.Release|x64.Build.0 = Release|x64
	EndGlobalSection
	GlobalSection(SolutionProperties) = preSolution
		HideSolutionNode = FALSE
	EndGlobalSection
	GlobalSection(ExtensibilityGlobals) = postSolution
		SolutionGuid = {7B1AFCDA-CD50-439B-862E-4D875E4CE8B6}
	EndGlobalSection
EndGlobal
